
Microsoft Visual Studio Solution File, Format Version 12.00
# Visual Studio Version 17
VisualStudioVersion = 17.0.31903.59
MinimumVisualStudioVersion = 10.0.40219.1
Project("{FAE04EC0-301F-11D3-BF4B-00C04F79EFBC}") = "NextVent.Desktop", "NextVent.Desktop\NextVent.Desktop.csproj", "{19B71265-FB7C-492F-9F43-B4637C28226F}"
EndProject
Project("{FAE04EC0-301F-11D3-BF4B-00C04F79EFBC}") = "NextVent.Desktop.Tests", "NextVent.Desktop.Tests\NextVent.Desktop.Tests.csproj", "{135E7B2E-3C2C-4A1A-ADD8-6A832B514682}"
EndProject
Global
	GlobalSection(SolutionConfigurationPlatforms) = preSolution
		Debug|Any CPU = Debug|Any CPU
		Debug|x64 = Debug|x64
		Debug|x86 = Debug|x86
		Release|Any CPU = Release|Any CPU
		Release|x64 = Release|x64
		Release|x86 = Release|x86
	EndGlobalSection
	GlobalSection(ProjectConfigurationPlatforms) = postSolution
		{19B71265-FB7C-492F-9F43-B4637C28226F}.Debug|Any CPU.ActiveCfg = Debug|Any CPU
		{19B71265-FB7C-492F-9F43-B4637C28226F}.Debug|Any CPU.Build.0 = Debug|Any CPU
		{19B71265-FB7C-492F-9F43-B4637C28226F}.Debug|x64.ActiveCfg = Debug|Any CPU
		{19B71265-FB7C-492F-9F43-B4637C28226F}.Debug|x64.Build.0 = Debug|Any CPU
		{19B71265-FB7C-492F-9F43-B4637C28226F}.Debug|x86.ActiveCfg = Debug|Any CPU
		{19B71265-FB7C-492F-9F43-B4637C28226F}.Debug|x86.Build.0 = Debug|Any CPU
		{19B71265-FB7C-492F-9F43-B4637C28226F}.Release|Any CPU.ActiveCfg = Release|Any CPU
		{19B71265-FB7C-492F-9F43-B4637C28226F}.Release|Any CPU.Build.0 = Release|Any CPU
		{19B71265-FB7C-492F-9F43-B4637C28226F}.Release|x64.ActiveCfg = Release|Any CPU
		{19B71265-FB7C-492F-9F43-B4637C28226F}.Release|x64.Build.0 = Release|Any CPU
		{19B71265-FB7C-492F-9F43-B4637C28226F}.Release|x86.ActiveCfg = Release|Any CPU
		{19B71265-FB7C-492F-9F43-B4637C28226F}.Release|x86.Build.0 = Release|Any CPU
		{135E7B2E-3C2C-4A1A-ADD8-6A832B514682}.Debug|Any CPU.ActiveCfg = Debug|Any CPU
		{135E7B2E-3C2C-4A1A-ADD8-6A832B514682}.Debug|Any CPU.Build.0 = Debug|Any CPU
		{135E7B2E-3C2C-4A1A-ADD8-6A832B514682}.Debug|x64.ActiveCfg = Debug|Any CPU
		{135E7B2E-3C2C-4A1A-ADD8-6A832B514682}.Debug|x64.Build.0 = Debug|Any CPU
		{135E7B2E-3C2C-4A1A-ADD8-6A832B514682}.Debug|x86.ActiveCfg = Debug|Any CPU
		{135E7B2E-3C2C-4A1A-ADD8-6A832B514682}.Debug|x86.Build.0 = Debug|Any CPU
		{135E7B2E-3C2C-4A1A-ADD8-6A832B514682}.Release|Any CPU.ActiveCfg = Release|Any CPU
		{135E7B2E-3C2C-4A1A-ADD8-6A832B514682}.Release|Any CPU.Build.0 = Release|Any CPU
		{135E7B2E-3C2C-4A1A-ADD8-6A832B514682}.Release|x64.ActiveCfg = Release|Any CPU
		{135E7B2E-3C2C-4A1A-ADD8-6A832B514682}.Release|x64.Build.0 = Release|Any CPU
		{135E7B2E-3C2C-4A1A-ADD8-6A832B514682}.Release|x86.ActiveCfg = Release|Any CPU
		{135E7B2E-3C2C-4A1A-ADD8-6A832B514682}.Release|x86.Build.0 = Release|Any CPU
	EndGlobalSection
	GlobalSection(SolutionProperties) = preSolution
		HideSolutionNode = FALSE
	EndGlobalSection
EndGlobal
